
Microsoft Visual Studio Solution File, Format Version 12.00
# Visual Studio 15
VisualStudioVersion = 15.0.27004.2002
MinimumVisualStudioVersion = 10.0.40219.1
Project("{FAE04EC0-301F-11D3-BF4B-00C04F79EFBC}") = "WebApp", "Src\WebApp\WebApp.csproj", "{3754FAB9-F1C6-457C-84C9-9DADF7D053FE}"
EndProject
Global
	GlobalSection(SolutionConfigurationPlatforms) = preSolution
		Debug|Any CPU = Debug|Any CPU
		Release|Any CPU = Release|Any CPU
	EndGlobalSection
	GlobalSection(ProjectConfigurationPlatforms) = postSolution
		{3754FAB9-F1C6-457C-84C9-9DADF7D053FE}.Debug|Any CPU.ActiveCfg = Debug|Any CPU
		{3754FAB9-F1C6-457C-84C9-9DADF7D053FE}.Debug|Any CPU.Build.0 = Debug|Any CPU
		{3754FAB9-F1C6-457C-84C9-9DADF7D053FE}.Release|Any CPU.ActiveCfg = Release|Any CPU
		{3754FAB9-F1C6-457C-84C9-9DADF7D053FE}.Release|Any CPU.Build.0 = Release|Any CPU
	EndGlobalSection
	GlobalSection(SolutionProperties) = preSolution
		HideSolutionNode = FALSE
	EndGlobalSection
	GlobalSection(ExtensibilityGlobals) = postSolution
		SolutionGuid = {6D20AA94-D3E9-4D48-B6CA-6A7C8D68801D}
	EndGlobalSection
EndGlobal
